PODS:
  - AFNetworking (3.1.0):
    - AFNetworking/NSURLSession (= 3.1.0)
    - AFNetworking/Reachability (= 3.1.0)
    - AFNetworking/Security (= 3.1.0)
    - AFNetworking/Serialization (= 3.1.0)
    - AFNetworking/UIKit (= 3.1.0)
  - AFNetworking/NSURLSession (3.1.0):
    - AFNetworking/Reachability
    - AFNetworking/Security
    - AFNetworking/Serialization
  - AFNetworking/Reachability (3.1.0)
  - AFNetworking/Security (3.1.0)
  - AFNetworking/Serialization (3.1.0)
  - AFNetworking/UIKit (3.1.0):
    - AFNetworking/NSURLSession
  - AliPay (2.1.2)
  - BaiduMapKit (3.4.0)
  - DZNEmptyDataSet (1.8.1)
  - FDFullscreenPopGesture (1.1)
  - FLAnimatedImage (1.0.12)
  - IQKeyboardManager (4.0.13)
  - Masonry (1.1.0)
  - MBProgressHUD (1.0.0)
  - MGSwipeTableCell (1.6.1)
  - MJExtension (3.0.13)
  - MJRefresh (3.1.12)
  - MOBFoundation (3.0.2)
  - MZTimerLabel (0.5.4)
  - PYSearch (0.8.3)
  - SDCycleScrollView (1.73):
    - SDWebImage (~> 4.0.0)
  - SDWebImage (4.0.0):
    - SDWebImage/Core (= 4.0.0)
  - SDWebImage/Core (4.0.0)
  - ShareSDK3 (4.0.1):
    - MOBFoundation
    - ShareSDK3/ShareSDK (= 4.0.1)
  - ShareSDK3/ShareSDK (4.0.1):
    - MOBFoundation
  - ShareSDK3/ShareSDKPlatforms/Copy (4.0.1):
    - MOBFoundation
  - ShareSDK3/ShareSDKPlatforms/QQ (4.0.1):
    - MOBFoundation
  - ShareSDK3/ShareSDKPlatforms/SinaWeibo (4.0.1):
    - MOBFoundation
  - ShareSDK3/ShareSDKPlatforms/WeChat (4.0.1):
    - MOBFoundation
  - ShareSDK3/ShareSDKUI (4.0.1):
    - MOBFoundation
  - XHLaunchAd (3.6.0):
    - FLAnimatedImage (~> 1.0.12)

DEPENDENCIES:
  - AFNetworking
  - AliPay
  - BaiduMapKit
  - DZNEmptyDataSet
  - FDFullscreenPopGesture
  - IQKeyboardManager
  - Masonry
  - MBProgressHUD
  - MGSwipeTableCell
  - MJExtension
  - MJRefresh
  - MOBFoundation
  - MZTimerLabel
  - PYSearch
  - SDCycleScrollView
  - SDWebImage
  - ShareSDK3
  - ShareSDK3/ShareSDKPlatforms/Copy
  - ShareSDK3/ShareSDKPlatforms/QQ
  - ShareSDK3/ShareSDKPlatforms/SinaWeibo
  - ShareSDK3/ShareSDKPlatforms/WeChat
  - ShareSDK3/ShareSDKUI
  - XHLaunchAd

SPEC CHECKSUMS:
  AFNetworking: 5e0e199f73d8626b11e79750991f5d173d1f8b67
  AliPay: 2bd35a4e486d2a8c035043023cd846e886bb21d1
  BaiduMapKit: 0a5e5e0b1e3fd8dc5aceb40ab9b89e52e1d13df9
  DZNEmptyDataSet: 9525833b9e68ac21c30253e1d3d7076cc828eaa7
  FDFullscreenPopGesture: a8a620179e3d9c40e8e00256dcee1c1a27c6d0f0
  FLAnimatedImage: 4a0b56255d9b05f18b6dd7ee06871be5d3b89e31
  IQKeyboardManager: 8eab4d8111418414619d1df8e4779ce5d0f8d7e2
  Masonry: 678fab65091a9290e40e2832a55e7ab731aad201
  MBProgressHUD: 4890f671c94e8a0f3cf959aa731e9de2f036d71a
  MGSwipeTableCell: 19a1d65dcc1ceaea42eb44bb2adae32101904514
  MJExtension: 5932755f451458eefa24239358817f8d291240c7
  MJRefresh: b96cdb21c4aa75a7b07654311ab2f315c497e806
  MOBFoundation: d5e27c4638d911d3c7501aa5df458955d4814359
  MZTimerLabel: cd9bfb9304540ef2a9e163384fca9c978f0dbf83
  PYSearch: 04ea6b91d7d36de716f8bf87cc76f3db0e94dabc
  SDCycleScrollView: d0fd5fe40a80918371fd8939214eb3be81033d83
  SDWebImage: 76a6348bdc74eb5a55dd08a091ef298e56b55e41
  ShareSDK3: 6983a9b5209b63f2f4297fb0328d9a8dd6abd5f1
  XHLaunchAd: a4dd15b23a65d5351e92c307768a9a9bbd86111e

PODFILE CHECKSUM: 7ee5e65937dcc033afa5ea793c9919b331a07b41

COCOAPODS: 1.2.1
